
Microsoft Visual Studio Solution File, Format Version 12.00
# Visual Studio Version 16
VisualStudioVersion = 16.0.30804.86
MinimumVisualStudioVersion = 10.0.40219.1
Project("{9A19103F-16F7-4668-BE54-9A1E7A4F7556}") = "Song", "Song\Song.csproj", "{0A8B9CB1-ED27-4CBC-93DB-A4FAC5599D11}"
EndProject
Project("{9A19103F-16F7-4668-BE54-9A1E7A4F7556}") = "Song.Test", "Song.Test\Song.Test.csproj", "{4FB0A109-A516-49CC-8BD1-04FD3C187B8D}"
EndProject
Project("{FAE04EC0-301F-11D3-BF4B-00C04F79EFBC}") = "Song.Sections", "Song.Sections\Song.Sections.csproj", "{0C9B01FF-63C0-4826-B761-8C861EF42B2B}"
EndProject
Project("{FAE04EC0-301F-11D3-BF4B-00C04F79EFBC}") = "Songs.SharedKernel", "Songs.SharedKernel\Songs.SharedKernel.csproj", "{1E470907-A11B-4F0A-9C55-8C69D8AF7A5B}"
EndProject
Global
	GlobalSection(SolutionConfigurationPlatforms) = preSolution
		Debug|Any CPU = Debug|Any CPU
		Release|Any CPU = Release|Any CPU
	EndGlobalSection
	GlobalSection(ProjectConfigurationPlatforms) = postSolution
		{0A8B9CB1-ED27-4CBC-93DB-A4FAC5599D11}.Debug|Any CPU.ActiveCfg = Debug|Any CPU
		{0A8B9CB1-ED27-4CBC-93DB-A4FAC5599D11}.Debug|Any CPU.Build.0 = Debug|Any CPU
		{0A8B9CB1-ED27-4CBC-93DB-A4FAC5599D11}.Release|Any CPU.ActiveCfg = Release|Any CPU
		{0A8B9CB1-ED27-4CBC-93DB-A4FAC5599D11}.Release|Any CPU.Build.0 = Release|Any CPU
		{4FB0A109-A516-49CC-8BD1-04FD3C187B8D}.Debug|Any CPU.ActiveCfg = Debug|Any CPU
		{4FB0A109-A516-49CC-8BD1-04FD3C187B8D}.Debug|Any CPU.Build.0 = Debug|Any CPU
		{4FB0A109-A516-49CC-8BD1-04FD3C187B8D}.Release|Any CPU.ActiveCfg = Release|Any CPU
		{4FB0A109-A516-49CC-8BD1-04FD3C187B8D}.Release|Any CPU.Build.0 = Release|Any CPU
		{0C9B01FF-63C0-4826-B761-8C861EF42B2B}.Debug|Any CPU.ActiveCfg = Debug|Any CPU
		{0C9B01FF-63C0-4826-B761-8C861EF42B2B}.Debug|Any CPU.Build.0 = Debug|Any CPU
		{0C9B01FF-63C0-4826-B761-8C861EF42B2B}.Release|Any CPU.ActiveCfg = Release|Any CPU
		{0C9B01FF-63C0-4826-B761-8C861EF42B2B}.Release|Any CPU.Build.0 = Release|Any CPU
		{1E470907-A11B-4F0A-9C55-8C69D8AF7A5B}.Debug|Any CPU.ActiveCfg = Debug|Any CPU
		{1E470907-A11B-4F0A-9C55-8C69D8AF7A5B}.Debug|Any CPU.Build.0 = Debug|Any CPU
		{1E470907-A11B-4F0A-9C55-8C69D8AF7A5B}.Release|Any CPU.ActiveCfg = Release|Any CPU
		{1E470907-A11B-4F0A-9C55-8C69D8AF7A5B}.Release|Any CPU.Build.0 = Release|Any CPU
	EndGlobalSection
	GlobalSection(SolutionProperties) = preSolution
		HideSolutionNode = FALSE
	EndGlobalSection
	GlobalSection(ExtensibilityGlobals) = postSolution
		SolutionGuid = {A07CBF95-88A1-4E33-8121-7CC9657511FF}
	EndGlobalSection
EndGlobal
